// !$*UTF8*$!
{
	archiveVersion = 1;
	classes = {
	};
	objectVersion = 48;
	objects = {

/* Begin PBXBuildFile section */
		D240FF521FDFE6140007B6E4 /* AppDelegate.swift in Sources */ = {isa = PBXBuildFile; fileRef = D240FF511FDFE6140007B6E4 /* AppDelegate.swift */; };
		D240FF541FDFE6140007B6E4 /* ViewController.swift in Sources */ = {isa = PBXBuildFile; fileRef = D240FF531FDFE6140007B6E4 /* ViewController.swift */; };
		D240FF571FDFE6140007B6E4 /* Main.storyboard in Resources */ = {isa = PBXBuildFile; fileRef = D240FF551FDFE6140007B6E4 /* Main.storyboard */; };
		D240FF591FDFE6140007B6E4 /* Assets.xcassets in Resources */ = {isa = PBXBuildFile; fileRef = D240FF581FDFE6140007B6E4 /* Assets.xcassets */; };
		D240FF5C1FDFE6140007B6E4 /* LaunchScreen.storyboard in Resources */ = {isa = PBXBuildFile; fileRef = D240FF5A1FDFE6140007B6E4 /* LaunchScreen.storyboard */; };
/* End PBXBuildFile section */

/* Begin PBXFileReference section */
		D240FF4E1FDFE6140007B6E4 /* Magic 8 ball.app */ = {isa = PBXFileReference; explicitFileType = wrapper.application; includeInIndex = 0; path = "Magic 8 ball.app"; sourceTree = BUILT_PRODUCTS_DIR; };
		D240FF511FDFE6140007B6E4 /* AppDelegate.swift */ = {isa = PBXFileReference; lastKnownFileType = sourcecode.swift; path = AppDelegate.swift; sourceTree = "<group>"; };
		D240FF531FDFE6140007B6E4 /* ViewController.swift */ = {isa = PBXFileReference; lastKnownFileType = sourcecode.swift; path = ViewController.swift; sourceTree = "<group>"; };
		D240FF561FDFE6140007B6E4 /* Base */ = {isa = PBXFileReference; lastKnownFileType = file.storyboard; name = Base; path = Base.lproj/Main.storyboard; sourceTree = "<group>"; };
		D240FF581FDFE6140007B6E4 /* Assets.xcassets */ = {isa = PBXFileReference; lastKnownFileType = folder.assetcatalog; path = Assets.xcassets; sourceTree = "<group>"; };
		D240FF5B1FDFE6140007B6E4 /* Base */ = {isa = PBXFileReference; lastKnownFileType = file.storyboard; name = Base; path = Base.lproj/LaunchScreen.storyboard; sourceTree = "<group>"; };
		D240FF5D1FDFE6140007B6E4 /* Info.plist */ = {isa = PBXFileReference; lastKnownFileType = text.plist.xml; path = Info.plist; sourceTree = "<group>"; };
/* End PBXFileReference section */

/* Begin PBXFrameworksBuildPhase section */
		D240FF4B1FDFE6140007B6E4 /* Frameworks */ = {
			isa = PBXFrameworksBuildPhase;
			buildActionMask = 2147483647;
			files = (
			);
			runOnlyForDeploymentPostprocessing = 0;
		};
/* End PBXFrameworksBuildPhase section */

/* Begin PBXGroup section */
		D240FF451FDFE6140007B6E4 = {
			isa = PBXGroup;
			children = (
				D240FF501FDFE6140007B6E4 /* Magic 8 ball */,
				D240FF4F1FDFE6140007B6E4 /* Products */,
			);
			sourceTree = "<group>";
		};
		D240FF4F1FDFE6140007B6E4 /* Products */ = {
			isa = PBXGroup;
			children = (
				D240FF4E1FDFE6140007B6E4 /* Magic 8 ball.app */,
			);
			name = Products;
			sourceTree = "<group>";
		};
		D240FF501FDFE6140007B6E4 /* Magic 8 ball */ = {
			isa = PBXGroup;
			children = (
				D240FF511FDFE6140007B6E4 /* AppDelegate.swift */,
				D240FF531FDFE6140007B6E4 /* ViewController.swift */,
				D240FF551FDFE6140007B6E4 /* Main.storyboard */,
				D240FF581FDFE6140007B6E4 /* Assets.xcassets */,
				D240FF5A1FDFE6140007B6E4 /* LaunchScreen.storyboard */,
				D240FF5D1FDFE6140007B6E4 /* Info.plist */,
			);
			path = "Magic 8 ball";
			sourceTree = "<group>";
		};
/* End PBXGroup section */

/* Begin PBXNativeTarget section */
		D240FF4D1FDFE6140007B6E4 /* Magic 8 ball */ = {
			isa = PBXNativeTarget;
			buildConfigurationList = D240FF601FDFE6140007B6E4 /* Build configuration list for PBXNativeTarget "Magic 8 ball" */;
			buildPhases = (
				D240FF4A1FDFE6140007B6E4 /* Sources */,
				D240FF4B1FDFE6140007B6E4 /* Frameworks */,
				D240FF4C1FDFE6140007B6E4 /* Resources */,
			);
			buildRules = (
			);
			dependencies = (
			);
			name = "Magic 8 ball";
			productName = "Magic 8 ball";
			productReference = D240FF4E1FDFE6140007B6E4 /* Magic 8 ball.app */;
			productType = "com.apple.product-type.application";
		};
/* End PBXNativeTarget section */

/* Begin PBXProject section */
		D240FF461FDFE6140007B6E4 /* Project object */ = {
			isa = PBXProject;
			attributes = {
				LastSwiftUpdateCheck = 0910;
				LastUpgradeCheck = 0910;
				ORGANIZATIONNAME = "Dheeraj Bhavsar";
				TargetAttributes = {
					D240FF4D1FDFE6140007B6E4 = {
						CreatedOnToolsVersion = 9.1;
						ProvisioningStyle = Automatic;
					};
				};
			};
			buildConfigurationList = D240FF491FDFE6140007B6E4 /* Build configuration list for PBXProject "Magic 8 ball" */;
			compatibilityVersion = "Xcode 8.0";
			developmentRegion = en;
			hasScannedForEncodings = 0;
			knownRegions = (
				en,
				Base,
			);
			mainGroup = D240FF451FDFE6140007B6E4;
			productRefGroup = D240FF4F1FDFE6140007B6E4 /* Products */;
			projectDirPath = "";
			projectRoot = "";
			targets = (
				D240FF4D1FDFE6140007B6E4 /* Magic 8 ball */,
			);
		};
/* End PBXProject section */

/* Begin PBXResourcesBuildPhase section */
		D240FF4C1FDFE6140007B6E4 /* Resources */ = {
			isa = PBXResourcesBuildPhase;
			buildActionMask = 2147483647;
			files = (
				D240FF5C1FDFE6140007B6E4 /* LaunchScreen.storyboard in Resources */,
				D240FF591FDFE6140007B6E4 /* Assets.xcassets in Resources */,
				D240FF571FDFE6140007B6E4 /* Main.storyboard in Resources */,
			);
			runOnlyForDeploymentPostprocessing = 0;
		};
/* End PBXResourcesBuildPhase section */

/* Begin PBXSourcesBuildPhase section */
		D240FF4A1FDFE6140007B6E4 /* Sources */ = {
			isa = PBXSourcesBuildPhase;
			buildActionMask = 2147483647;
			files = (
				D240FF541FDFE6140007B6E4 /* ViewController.swift in Sources */,
				D240FF521FDFE6140007B6E4 /* AppDelegate.swift in Sources */,
			);
			runOnlyForDeploymentPostprocessing = 0;
		};
/* End PBXSourcesBuildPhase section */

/* Begin PBXVariantGroup section */
		D240FF551FDFE6140007B6E4 /* Main.storyboard */ = {
			isa = PBXVariantGroup;
			children = (
				D240FF561FDFE6140007B6E4 /* Base */,
			);
			name = Main.storyboard;
			sourceTree = "<group>";
		};
		D240FF5A1FDFE6140007B6E4 /* LaunchScreen.storyboard */ = {
			isa = PBXVariantGroup;
			children = (
				D240FF5B1FDFE6140007B6E4 /* Base */,
			);
			name = LaunchScreen.storyboard;
			sourceTree = "<group>";
		};
/* End PBXVariantGroup section */

/* Begin XCBuildConfiguration section */
		D240FF5E1FDFE6140007B6E4 /* Debug */ = {
			isa = XCBuildConfiguration;
			buildSettings = {
				ALWAYS_SEARCH_USER_PATHS = NO;
				CLANG_ANALYZER_NONNULL = YES;
				CLANG_ANALYZER_NUMBER_OBJECT_CONVERSION = YES_AGGRESSIVE;
				CLANG_CXX_LANGUAGE_STANDARD = "gnu++14";
				CLANG_CXX_LIBRARY = "libc++";
				CLANG_ENABLE_MODULES = YES;
				CLANG_ENABLE_OBJC_ARC = YES;
				CLANG_WARN_BLOCK_CAPTURE_AUTORELEASING = YES;
				CLANG_WARN_BOOL_CONVERSION = YES;
				CLANG_WARN_COMMA = YES;
				CLANG_WARN_CONSTANT_CONVERSION = YES;
				CLANG_WARN_DIRECT_OBJC_ISA_USAGE = YES_ERROR;
				CLANG_WARN_DOCUMENTATION_COMMENTS = YES;
				CLANG_WARN_EMPTY_BODY = YES;
				CLANG_WARN_ENUM_CONVERSION = YES;
				CLANG_WARN_INFINITE_RECURSION = YES;
				CLANG_WARN_INT_CONVERSION = YES;
				CLANG_WARN_NON_LITERAL_NULL_CONVERSION = YES;
				CLANG_WARN_OBJC_LITERAL_CONVERSION = YES;
				CLANG_WARN_OBJC_ROOT_CLASS = YES_ERROR;
				CLANG_WARN_RANGE_LOOP_ANALYSIS = YES;
				CLANG_WARN_STRICT_PROTOTYPES = YES;
				CLANG_WARN_SUSPICIOUS_MOVE = YES;
				CLANG_WARN_UNGUARDED_AVAILABILITY = YES_AGGRESSIVE;
				CLANG_WARN_UNREACHABLE_CODE = YES;
				CLANG_WARN__DUPLICATE_METHOD_MATCH = YES;
				CODE_SIGN_IDENTITY = "iPhone Developer";
				COPY_PHASE_STRIP = NO;
				DEBUG_INFORMATION_FORMAT = dwarf;
				ENABLE_STRICT_OBJC_MSGSEND = YES;
				ENABLE_TESTABILITY = YES;
				GCC_C_LANGUAGE_STANDARD = gnu11;
				GCC_DYNAMIC_NO_PIC = NO;
				GCC_NO_COMMON_BLOCKS = YES;
				GCC_OPTIMIZATION_LEVEL = 0;
				GCC_PREPROCESSOR_DEFINITIONS = (
					"DEBUG=1",
					"$(inherited)",
				);
				GCC_WARN_64_TO_32_BIT_CONVERSION = YES;
				GCC_WARN_ABOUT_RETURN_TYPE = YES_ERROR;
				GCC_WARN_UNDECLARED_SELECTOR = YES;
				GCC_WARN_UNINITIALIZED_AUTOS = YES_AGGRESSIVE;
				GCC_WARN_UNUSED_FUNCTION = YES;
				GCC_WARN_UNUSED_VARIABLE = YES;
				IPHONEOS_DEPLOYMENT_TARGET = 11.1;
				MTL_ENABLE_DEBUG_INFO = YES;
				ONLY_ACTIVE_ARCH = YES;
				SDKROOT = iphoneos;
				SWIFT_ACTIVE_COMPILATION_CONDITIONS = DEBUG;
				SWIFT_OPTIMIZATION_LEVEL = "-Onone";
			};
			name = Debug;
		};
		D240FF5F1FDFE6140007B6E4 /* Release */ = {
			isa = XCBuildConfiguration;
			buildSettings = {
				ALWAYS_SEARCH_USER_PATHS = NO;
				CLANG_ANALYZER_NONNULL = YES;
				CLANG_ANALYZER_NUMBER_OBJECT_CONVERSION = YES_AGGRESSIVE;
				CLANG_CXX_LANGUAGE_STANDARD = "gnu++14";
				CLANG_CXX_LIBRARY = "libc++";
				CLANG_ENABLE_MODULES = YES;
				CLANG_ENABLE_OBJC_ARC = YES;
				CLANG_WARN_BLOCK_CAPTURE_AUTORELEASING = YES;
				CLANG_WARN_BOOL_CONVERSION = YES;
				CLANG_WARN_COMMA = YES;
				CLANG_WARN_CONSTANT_CONVERSION = YES;
				CLANG_WARN_DIRECT_OBJC_ISA_USAGE = YES_ERROR;
				CLANG_WARN_DOCUMENTATION_COMMENTS = YES;
				CLANG_WARN_EMPTY_BODY = YES;
				CLANG_WARN_ENUM_CONVERSION = YES;
				CLANG_WARN_INFINITE_RECURSION = YES;
				CLANG_WARN_INT_CONVERSION = YES;
				CLANG_WARN_NON_LITERAL_NULL_CONVERSION = YES;
				CLANG_WARN_OBJC_LITERAL_CONVERSION = YES;
				CLANG_WARN_OBJC_ROOT_CLASS = YES_ERROR;
				CLANG_WARN_RANGE_LOOP_ANALYSIS = YES;
				CLANG_WARN_STRICT_PROTOTYPES = YES;
				CLANG_WARN_SUSPICIOUS_MOVE = YES;
				CLANG_WARN_UNGUARDED_AVAILABILITY = YES_AGGRESSIVE;
				CLANG_WARN_UNREACHABLE_CODE = YES;
				CLANG_WARN__DUPLICATE_METHOD_MATCH = YES;
				CODE_SIGN_IDENTITY = "iPhone Developer";
				COPY_PHASE_STRIP = NO;
				DEBUG_INFORMATION_FORMAT = "dwarf-with-dsym";
				ENABLE_NS_ASSERTIONS = NO;
				ENABLE_STRICT_OBJC_MSGSEND = YES;
				GCC_C_LANGUAGE_STANDARD = gnu11;
				GCC_NO_COMMON_BLOCKS = YES;
				GCC_WARN_64_TO_32_BIT_CONVERSION = YES;
				GCC_WARN_ABOUT_RETURN_TYPE = YES_ERROR;
				GCC_WARN_UNDECLARED_SELECTOR = YES;
				GCC_WARN_UNINITIALIZED_AUTOS = YES_AGGRESSIVE;
				GCC_WARN_UNUSED_FUNCTION = YES;
				GCC_WARN_UNUSED_VARIABLE = YES;
				IPHONEOS_DEPLOYMENT_TARGET = 11.1;
				MTL_ENABLE_DEBUG_INFO = NO;
				SDKROOT = iphoneos;
				SWIFT_OPTIMIZATION_LEVEL = "-Owholemodule";
				VALIDATE_PRODUCT = YES;
			};
			name = Release;
		};
		D240FF611FDFE6140007B6E4 /* Debug */ = {
			isa = XCBuildConfiguration;
			buildSettings = {
				ASSETCATALOG_COMPILER_APPICON_NAME = AppIcon;
				CODE_SIGN_STYLE = Automatic;
				INFOPLIST_FILE = "Magic 8 ball/Info.plist";
				LD_RUNPATH_SEARCH_PATHS = "$(inherited) @executable_path/Frameworks";
				PRODUCT_BUNDLE_IDENTIFIER = "com.bhavsardheeraj.Magic-8-ball";
				PRODUCT_NAME = "$(TARGET_NAME)";
				SWIFT_VERSION = 4.0;
				TARGETED_DEVICE_FAMILY = "1,2";
			};
			name = Debug;
		};
		D240FF621FDFE6140007B6E4 /* Release */ = {
			isa = XCBuildConfiguration;
			buildSettings = {
				ASSETCATALOG_COMPILER_APPICON_NAME = AppIcon;
				CODE_SIGN_STYLE = Automatic;
				INFOPLIST_FILE = "Magic 8 ball/Info.plist";
				LD_RUNPATH_SEARCH_PATHS = "$(inherited) @executable_path/Frameworks";
				PRODUCT_BUNDLE_IDENTIFIER = "com.bhavsardheeraj.Magic-8-ball";
				PRODUCT_NAME = "$(TARGET_NAME)";
				SWIFT_VERSION = 4.0;
				TARGETED_DEVICE_FAMILY = "1,2";
			};
			name = Release;
		};
/* End XCBuildConfiguration section */

/* Begin XCConfigurationList section */
		D240FF491FDFE6140007B6E4 /* Build configuration list for PBXProject "Magic 8 ball" */ = {
			isa = XCConfigurationList;
			buildConfigurations = (
				D240FF5E1FDFE6140007B6E4 /* Debug */,
				D240FF5F1FDFE6140007B6E4 /* Release */,
			);
			defaultConfigurationIsVisible = 0;
			defaultConfigurationName = Release;
		};
		D240FF601FDFE6140007B6E4 /* Build configuration list for PBXNativeTarget "Magic 8 ball" */ = {
			isa = XCConfigurationList;
			buildConfigurations = (
				D240FF611FDFE6140007B6E4 /* Debug */,
				D240FF621FDFE6140007B6E4 /* Release */,
			);
			defaultConfigurationIsVisible = 0;
			defaultConfigurationName = Release;
		};
/* End XCConfigurationList section */
	};
	rootObject = D240FF461FDFE6140007B6E4 /* Project object */;
}
